[meta]
python = ">=3.10"
project = "AloneMusic"
version = "0.1.0"

[package.aiofiles]
version = "23.2.1"

[package.aiohttp]
version = "3.8.5"
dependencies = ["multidict>=4.5,<7.0", "yarl>=1.0,<2.0", "charset-normalizer>=2.0,<4.0"]

[package.apscheduler]
version = "3.10.1"
dependencies = ["pytz>=2022.1"]

[package.beautifulsoup4]
version = "4.12.2"
dependencies = ["soupsieve>=2.3.2"]

[package.dnspython]
version = "2.4.2"

[package.ffmpeg-python]
version = "0.2.1"

[package.gitpython]
version = "3.1.32"
dependencies = ["gitdb>=4.0.10,<5.0.0"]

[package.hachoir]
version = "3.1.7"

[package.heroku3]
version = "5.0.0"

[package.humanize]
version = "4.8.0"

[package.motor]
version = "3.1.1"
dependencies = ["pymongo>=3.12,<4.0"]

[package.Pillow]
version = "9.5.0"

[package.psutil]
version = "5.9.6"

[package.httpx]
version = "0.27.2"
dependencies = ["certifi", "charset-normalizer>=2.0,<4.0", "httpcore>=0.15.0,<0.17.0", "rfc3986>=1.3,<2.0", "sniffio>=1.1,<2.0"]

[package.py-tgcalls]
version = "0.9.7"

[package.pykeyboard]
version = "1.0.4"

[package.pyrofork]
version = "1.1.0"

[package.python-dotenv]
version = "1.0.0"

[package.pyyaml]
version = "6.0"

[package.requests]
version = "2.31.0"
dependencies = ["charset-normalizer>=2.1.0,<4", "idna>=2.5,<4", "urllib3>=1.21.1,<3", "certifi>=2017.4.17"]

[package.speedtest-cli]
version = "2.1.3"

[package.spotipy]
version = "2.26.0"
dependencies = ["requests>=2.25.0,<3.0.0"]

[package.tgcrypto]
version = "1.2.2"

[package.unidecode]
version = "1.3.6"

[package.yt-dlp]
version = "2025.01.15"

[package.youtube-search]
version = "1.1.6"

[package.youtube-search-python]
version = "1.5.9"
